
Microsoft Visual Studio Solution File, Format Version 12.00
# Visual Studio Version 17
VisualStudioVersion = 17.0.31903.59
MinimumVisualStudioVersion = 10.0.40219.1
Project("{8BC9CEB8-8B4A-11D0-8D11-00A0C91BC942}") = "4.1", "4-1\4-1.vcxproj", "{084E988A-AF3B-46F7-95A8-0E3144803924}"
EndProject
Project("{8BC9CEB8-8B4A-11D0-8D11-00A0C91BC942}") = "3", "3\3.vcxproj", "{78A5973D-4EFE-4504-8E06-B13F8F903536}"
EndProject
Project("{8BC9CEB8-8B4A-11D0-8D11-00A0C91BC942}") = "4.2", "4-2\4-2.vcxproj", "{08BFC711-BBBF-438D-A1C9-E5529383F23F}"
EndProject
Project("{8BC9CEB8-8B4A-11D0-8D11-00A0C91BC942}") = "5", "5\5.vcxproj", "{32538266-E703-4190-AC90-701C783A5D37}"
EndProject
Project("{8BC9CEB8-8B4A-11D0-8D11-00A0C91BC942}") = "1 minimal", "1 minimal\1 minimal.vcxproj", "{387F3AC8-E6B3-4775-B0F4-250271BECD90}"
EndProject
Project("{8BC9CEB8-8B4A-11D0-8D11-00A0C91BC942}") = "1 minimal 2", "1 minimal 2\1 minimal 2.vcxproj", "{C3D6C961-DCD5-4F4B-8A9D-842391C81D14}"
EndProject
Project("{8BC9CEB8-8B4A-11D0-8D11-00A0C91BC942}") = "1 sredniy", "1 sredniy\1 sredniy.vcxproj", "{0AA78AA5-2510-44EF-8AC7-5C8E166AA640}"
EndProject
Project("{8BC9CEB8-8B4A-11D0-8D11-00A0C91BC942}") = "1 dop", "1 dop\1 dop.vcxproj", "{4AAFE7D8-C67C-4B9B-B593-D8D516670CBF}"
EndProject
Project("{8BC9CEB8-8B4A-11D0-8D11-00A0C91BC942}") = "2.1 minimal", "2.1 minimal\2.1 minimal.vcxproj", "{7F0893F0-6969-4D8D-8C48-2F751C9EE0D4}"
EndProject
Project("{8BC9CEB8-8B4A-11D0-8D11-00A0C91BC942}") = "2.1 osnovnoy", "2.1 osnovnoy\2.1 osnovnoy.vcxproj", "{E0EC0416-D6D3-40B8-8572-7A16F436178D}"
EndProject
Project("{8BC9CEB8-8B4A-11D0-8D11-00A0C91BC942}") = "2.2", "2.2\2.2.vcxproj", "{73D0ACAA-366F-4543-95BB-82A32050A213}"
EndProject
Global
	GlobalSection(SolutionConfigurationPlatforms) = preSolution
		Debug|x64 = Debug|x64
		Debug|x86 = Debug|x86
		Release|x64 = Release|x64
		Release|x86 = Release|x86
	EndGlobalSection
	GlobalSection(ProjectConfigurationPlatforms) = postSolution
		{084E988A-AF3B-46F7-95A8-0E3144803924}.Debug|x64.ActiveCfg = Debug|x64
		{084E988A-AF3B-46F7-95A8-0E3144803924}.Debug|x64.Build.0 = Debug|x64
		{084E988A-AF3B-46F7-95A8-0E3144803924}.Debug|x86.ActiveCfg = Debug|Win32
		{084E988A-AF3B-46F7-95A8-0E3144803924}.Debug|x86.Build.0 = Debug|Win32
		{084E988A-AF3B-46F7-95A8-0E3144803924}.Release|x64.ActiveCfg = Release|x64
		{084E988A-AF3B-46F7-95A8-0E3144803924}.Release|x64.Build.0 = Release|x64
		{084E988A-AF3B-46F7-95A8-0E3144803924}.Release|x86.ActiveCfg = Release|Win32
		{084E988A-AF3B-46F7-95A8-0E3144803924}.Release|x86.Build.0 = Release|Win32
		{78A5973D-4EFE-4504-8E06-B13F8F903536}.Debug|x64.ActiveCfg = Debug|x64
		{78A5973D-4EFE-4504-8E06-B13F8F903536}.Debug|x64.Build.0 = Debug|x64
		{78A5973D-4EFE-4504-8E06-B13F8F903536}.Debug|x86.ActiveCfg = Debug|Win32
		{78A5973D-4EFE-4504-8E06-B13F8F903536}.Debug|x86.Build.0 = Debug|Win32
		{78A5973D-4EFE-4504-8E06-B13F8F903536}.Release|x64.ActiveCfg = Release|x64
		{78A5973D-4EFE-4504-8E06-B13F8F903536}.Release|x64.Build.0 = Release|x64
		{78A5973D-4EFE-4504-8E06-B13F8F903536}.Release|x86.ActiveCfg = Release|Win32
		{78A5973D-4EFE-4504-8E06-B13F8F903536}.Release|x86.Build.0 = Release|Win32
		{08BFC711-BBBF-438D-A1C9-E5529383F23F}.Debug|x64.ActiveCfg = Debug|x64
		{08BFC711-BBBF-438D-A1C9-E5529383F23F}.Debug|x64.Build.0 = Debug|x64
		{08BFC711-BBBF-438D-A1C9-E5529383F23F}.Debug|x86.ActiveCfg = Debug|Win32
		{08BFC711-BBBF-438D-A1C9-E5529383F23F}.Debug|x86.Build.0 = Debug|Win32
		{08BFC711-BBBF-438D-A1C9-E5529383F23F}.Release|x64.ActiveCfg = Release|x64
		{08BFC711-BBBF-438D-A1C9-E5529383F23F}.Release|x64.Build.0 = Release|x64
		{08BFC711-BBBF-438D-A1C9-E5529383F23F}.Release|x86.ActiveCfg = Release|Win32
		{08BFC711-BBBF-438D-A1C9-E5529383F23F}.Release|x86.Build.0 = Release|Win32
		{32538266-E703-4190-AC90-701C783A5D37}.Debug|x64.ActiveCfg = Debug|x64
		{32538266-E703-4190-AC90-701C783A5D37}.Debug|x64.Build.0 = Debug|x64
		{32538266-E703-4190-AC90-701C783A5D37}.Debug|x86.ActiveCfg = Debug|Win32
		{32538266-E703-4190-AC90-701C783A5D37}.Debug|x86.Build.0 = Debug|Win32
		{32538266-E703-4190-AC90-701C783A5D37}.Release|x64.ActiveCfg = Release|x64
		{32538266-E703-4190-AC90-701C783A5D37}.Release|x64.Build.0 = Release|x64
		{32538266-E703-4190-AC90-701C783A5D37}.Release|x86.ActiveCfg = Release|Win32
		{32538266-E703-4190-AC90-701C783A5D37}.Release|x86.Build.0 = Release|Win32
		{387F3AC8-E6B3-4775-B0F4-250271BECD90}.Debug|x64.ActiveCfg = Debug|x64
		{387F3AC8-E6B3-4775-B0F4-250271BECD90}.Debug|x64.Build.0 = Debug|x64
		{387F3AC8-E6B3-4775-B0F4-250271BECD90}.Debug|x86.ActiveCfg = Debug|Win32
		{387F3AC8-E6B3-4775-B0F4-250271BECD90}.Debug|x86.Build.0 = Debug|Win32
		{387F3AC8-E6B3-4775-B0F4-250271BECD90}.Release|x64.ActiveCfg = Release|x64
		{387F3AC8-E6B3-4775-B0F4-250271BECD90}.Release|x64.Build.0 = Release|x64
		{387F3AC8-E6B3-4775-B0F4-250271BECD90}.Release|x86.ActiveCfg = Release|Win32
		{387F3AC8-E6B3-4775-B0F4-250271BECD90}.Release|x86.Build.0 = Release|Win32
		{C3D6C961-DCD5-4F4B-8A9D-842391C81D14}.Debug|x64.ActiveCfg = Debug|x64
		{C3D6C961-DCD5-4F4B-8A9D-842391C81D14}.Debug|x64.Build.0 = Debug|x64
		{C3D6C961-DCD5-4F4B-8A9D-842391C81D14}.Debug|x86.ActiveCfg = Debug|Win32
		{C3D6C961-DCD5-4F4B-8A9D-842391C81D14}.Debug|x86.Build.0 = Debug|Win32
		{C3D6C961-DCD5-4F4B-8A9D-842391C81D14}.Release|x64.ActiveCfg = Release|x64
		{C3D6C961-DCD5-4F4B-8A9D-842391C81D14}.Release|x64.Build.0 = Release|x64
		{C3D6C961-DCD5-4F4B-8A9D-842391C81D14}.Release|x86.ActiveCfg = Release|Win32
		{C3D6C961-DCD5-4F4B-8A9D-842391C81D14}.Release|x86.Build.0 = Release|Win32
		{0AA78AA5-2510-44EF-8AC7-5C8E166AA640}.Debug|x64.ActiveCfg = Debug|x64
		{0AA78AA5-2510-44EF-8AC7-5C8E166AA640}.Debug|x64.Build.0 = Debug|x64
		{0AA78AA5-2510-44EF-8AC7-5C8E166AA640}.Debug|x86.ActiveCfg = Debug|Win32
		{0AA78AA5-2510-44EF-8AC7-5C8E166AA640}.Debug|x86.Build.0 = Debug|Win32
		{0AA78AA5-2510-44EF-8AC7-5C8E166AA640}.Release|x64.ActiveCfg = Release|x64
		{0AA78AA5-2510-44EF-8AC7-5C8E166AA640}.Release|x64.Build.0 = Release|x64
		{0AA78AA5-2510-44EF-8AC7-5C8E166AA640}.Release|x86.ActiveCfg = Release|Win32
		{0AA78AA5-2510-44EF-8AC7-5C8E166AA640}.Release|x86.Build.0 = Release|Win32
		{4AAFE7D8-C67C-4B9B-B593-D8D516670CBF}.Debug|x64.ActiveCfg = Debug|x64
		{4AAFE7D8-C67C-4B9B-B593-D8D516670CBF}.Debug|x64.Build.0 = Debug|x64
		{4AAFE7D8-C67C-4B9B-B593-D8D516670CBF}.Debug|x86.ActiveCfg = Debug|Win32
		{4AAFE7D8-C67C-4B9B-B593-D8D516670CBF}.Debug|x86.Build.0 = Debug|Win32
		{4AAFE7D8-C67C-4B9B-B593-D8D516670CBF}.Release|x64.ActiveCfg = Release|x64
		{4AAFE7D8-C67C-4B9B-B593-D8D516670CBF}.Release|x64.Build.0 = Release|x64
		{4AAFE7D8-C67C-4B9B-B593-D8D516670CBF}.Release|x86.ActiveCfg = Release|Win32
		{4AAFE7D8-C67C-4B9B-B593-D8D516670CBF}.Release|x86.Build.0 = Release|Win32
		{7F0893F0-6969-4D8D-8C48-2F751C9EE0D4}.Debug|x64.ActiveCfg = Debug|x64
		{7F0893F0-6969-4D8D-8C48-2F751C9EE0D4}.Debug|x64.Build.0 = Debug|x64
		{7F0893F0-6969-4D8D-8C48-2F751C9EE0D4}.Debug|x86.ActiveCfg = Debug|Win32
		{7F0893F0-6969-4D8D-8C48-2F751C9EE0D4}.Debug|x86.Build.0 = Debug|Win32
		{7F0893F0-6969-4D8D-8C48-2F751C9EE0D4}.Release|x64.ActiveCfg = Release|x64
		{7F0893F0-6969-4D8D-8C48-2F751C9EE0D4}.Release|x64.Build.0 = Release|x64
		{7F0893F0-6969-4D8D-8C48-2F751C9EE0D4}.Release|x86.ActiveCfg = Release|Win32
		{7F0893F0-6969-4D8D-8C48-2F751C9EE0D4}.Release|x86.Build.0 = Release|Win32
		{E0EC0416-D6D3-40B8-8572-7A16F436178D}.Debug|x64.ActiveCfg = Debug|x64
		{E0EC0416-D6D3-40B8-8572-7A16F436178D}.Debug|x64.Build.0 = Debug|x64
		{E0EC0416-D6D3-40B8-8572-7A16F436178D}.Debug|x86.ActiveCfg = Debug|Win32
		{E0EC0416-D6D3-40B8-8572-7A16F436178D}.Debug|x86.Build.0 = Debug|Win32
		{E0EC0416-D6D3-40B8-8572-7A16F436178D}.Release|x64.ActiveCfg = Release|x64
		{E0EC0416-D6D3-40B8-8572-7A16F436178D}.Release|x64.Build.0 = Release|x64
		{E0EC0416-D6D3-40B8-8572-7A16F436178D}.Release|x86.ActiveCfg = Release|Win32
		{E0EC0416-D6D3-40B8-8572-7A16F436178D}.Release|x86.Build.0 = Release|Win32
		{73D0ACAA-366F-4543-95BB-82A32050A213}.Debug|x64.ActiveCfg = Debug|x64
		{73D0ACAA-366F-4543-95BB-82A32050A213}.Debug|x64.Build.0 = Debug|x64
		{73D0ACAA-366F-4543-95BB-82A32050A213}.Debug|x86.ActiveCfg = Debug|Win32
		{73D0ACAA-366F-4543-95BB-82A32050A213}.Debug|x86.Build.0 = Debug|Win32
		{73D0ACAA-366F-4543-95BB-82A32050A213}.Release|x64.ActiveCfg = Release|x64
		{73D0ACAA-366F-4543-95BB-82A32050A213}.Release|x64.Build.0 = Release|x64
		{73D0ACAA-366F-4543-95BB-82A32050A213}.Release|x86.ActiveCfg = Release|Win32
		{73D0ACAA-366F-4543-95BB-82A32050A213}.Release|x86.Build.0 = Release|Win32
	EndGlobalSection
	GlobalSection(SolutionProperties) = preSolution
		HideSolutionNode = FALSE
	EndGlobalSection
	GlobalSection(ExtensibilityGlobals) = postSolution
		SolutionGuid = {85CB7E5D-D206-49A0-89A1-5E9CCE5578EC}
	EndGlobalSection
EndGlobal
