
Microsoft Visual Studio Solution File, Format Version 12.00
# Visual Studio Version 16
VisualStudioVersion = 16.0.32901.82
MinimumVisualStudioVersion = 10.0.40219.1
Project("{8BC9CEB8-8B4A-11D0-8D11-00A0C91BC942}") = "Network_Test_1", "Network_Test_1\Network_Test_1.vcxproj", "{8212CB25-C884-4197-8F59-51F22D9EC93E}"
EndProject
Global
	GlobalSection(SolutionConfigurationPlatforms) = preSolution
		Debug|x64 = Debug|x64
		Debug|x86 = Debug|x86
		Release|x64 = Release|x64
		Release|x86 = Release|x86
	EndGlobalSection
	GlobalSection(ProjectConfigurationPlatforms) = postSolution
		{8212CB25-C884-4197-8F59-51F22D9EC93E}.Debug|x64.ActiveCfg = Debug|x64
		{8212CB25-C884-4197-8F59-51F22D9EC93E}.Debug|x64.Build.0 = Debug|x64
		{8212CB25-C884-4197-8F59-51F22D9EC93E}.Debug|x86.ActiveCfg = Debug|Win32
		{8212CB25-C884-4197-8F59-51F22D9EC93E}.Debug|x86.Build.0 = Debug|Win32
		{8212CB25-C884-4197-8F59-51F22D9EC93E}.Release|x64.ActiveCfg = Release|x64
		{8212CB25-C884-4197-8F59-51F22D9EC93E}.Release|x64.Build.0 = Release|x64
		{8212CB25-C884-4197-8F59-51F22D9EC93E}.Release|x86.ActiveCfg = Release|Win32
		{8212CB25-C884-4197-8F59-51F22D9EC93E}.Release|x86.Build.0 = Release|Win32
	EndGlobalSection
	GlobalSection(SolutionProperties) = preSolution
		HideSolutionNode = FALSE
	EndGlobalSection
	GlobalSection(ExtensibilityGlobals) = postSolution
		SolutionGuid = {E225E018-E0C2-445F-8474-46B72761C5DA}
	EndGlobalSection
EndGlobal
